{
  "version": 4,
  "terraform_version": "1.1.8",
  "serial": 51,
  "lineage": "4c39319e-5c3e-61f3-8a47-ed3916c3d05d",
  "outputs": {},
  "resources": [
    {
      "mode": "data",
      "type": "civo_loadbalancer",
      "name": "traefik_lb",
      "provider": "provider[\"registry.terraform.io/civo/civo\"]",
      "instances": []
    },
    {
      "mode": "data",
      "type": "civo_size",
      "name": "xsmall",
      "provider": "provider[\"registry.terraform.io/civo/civo\"]",
      "instances": [
        {
          "schema_version": 0,
          "attributes": {
            "filter": [
              {
                "all": false,
                "key": "name",
                "match_by": "re",
                "values": [
                  "g4s.kube.xsmall"
                ]
              }
            ],
            "id": "terraform-20220415213205571500000001",
            "sizes": [
              {
                "cpu": 1,
                "description": "Extra Small - Standard",
                "disk": 30,
                "name": "g4s.kube.xsmall",
                "ram": 1024,
                "selectable": true,
                "type": "kubernetes"
              }
            ],
            "sort": null
          },
          "sensitive_attributes": []
        }
      ]
    },
    {
      "mode": "managed",
      "type": "civo_firewall",
      "name": "fw_demo_1",
      "provider": "provider[\"registry.terraform.io/civo/civo\"]",
      "instances": [
        {
          "schema_version": 0,
          "attributes": {
            "create_default_rules": false,
            "id": "5e371b3d-65e3-4ac2-9e28-86c64a6a575f",
            "name": "fw_demo_1",
            "network_id": "895d153f-5cc0-4136-bda5-7f0ebe4bc51a",
            "region": null
          },
          "sensitive_attributes": [],
          "private": "bnVsbA=="
        }
      ]
    },
    {
      "mode": "managed",
      "type": "civo_firewall_rule",
      "name": "kubernetes_api",
      "provider": "provider[\"registry.terraform.io/civo/civo\"]",
      "instances": [
        {
          "schema_version": 0,
          "attributes": {
            "action": "allow",
            "cidr": [
              "0.0.0.0/0"
            ],
            "direction": "ingress",
            "end_port": "6443",
            "firewall_id": "5e371b3d-65e3-4ac2-9e28-86c64a6a575f",
            "id": "f6cd404e-c226-4e24-b6ee-e89e2984c4f6",
            "label": "kubernetes_api",
            "protocol": "tcp",
            "region": null,
            "start_port": "6443"
          },
          "sensitive_attributes": [],
          "private": "bnVsbA==",
          "dependencies": [
            "civo_firewall.fw_demo_1"
          ]
        }
      ]
    },
    {
      "mode": "managed",
      "type": "civo_firewall_rule",
      "name": "kubernetes_http",
      "provider": "provider[\"registry.terraform.io/civo/civo\"]",
      "instances": [
        {
          "schema_version": 0,
          "attributes": {
            "action": "allow",
            "cidr": [
              "0.0.0.0/0"
            ],
            "direction": "ingress",
            "end_port": "80",
            "firewall_id": "5e371b3d-65e3-4ac2-9e28-86c64a6a575f",
            "id": "dcddf30b-3767-4133-888b-576c6229983e",
            "label": "kubernetes_http",
            "protocol": "tcp",
            "region": null,
            "start_port": "80"
          },
          "sensitive_attributes": [],
          "private": "bnVsbA==",
          "dependencies": [
            "civo_firewall.fw_demo_1"
          ]
        }
      ]
    },
    {
      "mode": "managed",
      "type": "civo_firewall_rule",
      "name": "kubernetes_https",
      "provider": "provider[\"registry.terraform.io/civo/civo\"]",
      "instances": [
        {
          "schema_version": 0,
          "attributes": {
            "action": "allow",
            "cidr": [
              "0.0.0.0/0"
            ],
            "direction": "ingress",
            "end_port": "443",
            "firewall_id": "5e371b3d-65e3-4ac2-9e28-86c64a6a575f",
            "id": "8d096024-6989-4890-9389-0a5eaa4aadb5",
            "label": "kubernetes_https",
            "protocol": "tcp",
            "region": null,
            "start_port": "443"
          },
          "sensitive_attributes": [],
          "private": "bnVsbA==",
          "dependencies": [
            "civo_firewall.fw_demo_1"
          ]
        }
      ]
    },
    {
      "mode": "managed",
      "type": "civo_kubernetes_cluster",
      "name": "k8s_demo_1",
      "provider": "provider[\"registry.terraform.io/civo/civo\"]",
      "instances": [
        {
          "status": "tainted",
          "schema_version": 0,
          "attributes": {
            "api_endpoint": null,
            "applications": "",
            "cni": null,
            "created_at": null,
            "dns_entry": null,
            "firewall_id": "5e371b3d-65e3-4ac2-9e28-86c64a6a575f",
            "id": "e94ec97b-bee1-4e40-925d-f0b8b42aa3f4",
            "installed_applications": null,
            "kubeconfig": null,
            "kubernetes_version": null,
            "master_ip": null,
            "name": "k8s_demo_1",
            "network_id": null,
            "num_target_nodes": null,
            "pools": [
              {
                "id": "",
                "instance_names": [],
                "node_count": 2,
                "size": "g4s.kube.xsmall"
              }
            ],
            "ready": null,
            "region": null,
            "status": null,
            "tags": null,
            "target_nodes_size": null
          },
          "sensitive_attributes": [],
          "private": "bnVsbA==",
          "dependencies": [
            "civo_firewall.fw_demo_1",
            "data.civo_size.xsmall"
          ]
        }
      ]
    },
    {
      "mode": "managed",
      "type": "cloudflare_record",
      "name": "clcreative-main-cluster",
      "provider": "provider[\"registry.terraform.io/cloudflare/cloudflare\"]",
      "instances": []
    },
    {
      "mode": "managed",
      "type": "time_sleep",
      "name": "wait_for_certmanager",
      "provider": "provider[\"registry.terraform.io/hashicorp/time\"]",
      "instances": []
    },
    {
      "mode": "managed",
      "type": "time_sleep",
      "name": "wait_for_clusterissuer",
      "provider": "provider[\"registry.terraform.io/hashicorp/time\"]",
      "instances": []
    },
    {
      "mode": "managed",
      "type": "time_sleep",
      "name": "wait_for_kubernetes",
      "provider": "provider[\"registry.terraform.io/hashicorp/time\"]",
      "instances": []
    }
  ]
}
