{
  "version": 4,
  "terraform_version": "1.1.8",
  "serial": 70,
  "lineage": "4c39319e-5c3e-61f3-8a47-ed3916c3d05d",
  "outputs": {
    "public_ip_addr": {
      "value": "74.220.21.191",
      "type": "string"
    }
  },
  "resources": [
    {
      "mode": "data",
      "type": "civo_loadbalancer",
      "name": "traefik_lb",
      "provider": "provider[\"registry.terraform.io/civo/civo\"]",
      "instances": [
        {
          "schema_version": 0,
          "attributes": {
            "algorithm": "round_robin",
            "backends": [
              {
                "health_check_port": 0,
                "ip": "192.168.1.3",
                "protocol": "TCP",
                "source_port": 80,
                "target_port": 30097
              },
              {
                "health_check_port": 0,
                "ip": "192.168.1.5",
                "protocol": "TCP",
                "source_port": 80,
                "target_port": 30097
              },
              {
                "health_check_port": 0,
                "ip": "192.168.1.3",
                "protocol": "TCP",
                "source_port": 443,
                "target_port": 31834
              },
              {
                "health_check_port": 0,
                "ip": "192.168.1.5",
                "protocol": "TCP",
                "source_port": 443,
                "target_port": 31834
              }
            ],
            "cluster_id": "8dc78c2f-4360-492b-93b7-5a860387b474",
            "enable_proxy_protocol": "",
            "external_traffic_policy": "Cluster",
            "firewall_id": "0ae1014b-1d82-4bed-97a1-10a1ccef159f",
            "id": "3b7244ec-c39a-4b42-9ff9-01c18f92a437",
            "name": "k8s_demo_1-traefik-traefik",
            "private_ip": "",
            "public_ip": "74.220.21.191",
            "region": null,
            "session_affinity": "",
            "session_affinity_config_timeout": 0,
            "state": "pending_cm_creation"
          },
          "sensitive_attributes": []
        }
      ]
    },
    {
      "mode": "data",
      "type": "civo_size",
      "name": "xsmall",
      "provider": "provider[\"registry.terraform.io/civo/civo\"]",
      "instances": [
        {
          "schema_version": 0,
          "attributes": {
            "filter": [
              {
                "all": false,
                "key": "name",
                "match_by": "re",
                "values": [
                  "g4s.kube.xsmall"
                ]
              }
            ],
            "id": "terraform-20220415213345750700000001",
            "sizes": [
              {
                "cpu": 1,
                "description": "Extra Small - Standard",
                "disk": 30,
                "name": "g4s.kube.xsmall",
                "ram": 1024,
                "selectable": true,
                "type": "kubernetes"
              }
            ],
            "sort": null
          },
          "sensitive_attributes": []
        }
      ]
    },
    {
      "mode": "managed",
      "type": "civo_firewall",
      "name": "fw_demo_1",
      "provider": "provider[\"registry.terraform.io/civo/civo\"]",
      "instances": [
        {
          "schema_version": 0,
          "attributes": {
            "create_default_rules": false,
            "id": "5e371b3d-65e3-4ac2-9e28-86c64a6a575f",
            "name": "fw_demo_1",
            "network_id": "895d153f-5cc0-4136-bda5-7f0ebe4bc51a",
            "region": null
          },
          "sensitive_attributes": [],
          "private": "bnVsbA=="
        }
      ]
    },
    {
      "mode": "managed",
      "type": "civo_firewall_rule",
      "name": "kubernetes_api",
      "provider": "provider[\"registry.terraform.io/civo/civo\"]",
      "instances": [
        {
          "schema_version": 0,
          "attributes": {
            "action": "allow",
            "cidr": [
              "0.0.0.0/0"
            ],
            "direction": "ingress",
            "end_port": "6443",
            "firewall_id": "5e371b3d-65e3-4ac2-9e28-86c64a6a575f",
            "id": "f6cd404e-c226-4e24-b6ee-e89e2984c4f6",
            "label": "kubernetes_api",
            "protocol": "tcp",
            "region": null,
            "start_port": "6443"
          },
          "sensitive_attributes": [],
          "private": "bnVsbA==",
          "dependencies": [
            "civo_firewall.fw_demo_1"
          ]
        }
      ]
    },
    {
      "mode": "managed",
      "type": "civo_firewall_rule",
      "name": "kubernetes_http",
      "provider": "provider[\"registry.terraform.io/civo/civo\"]",
      "instances": [
        {
          "schema_version": 0,
          "attributes": {
            "action": "allow",
            "cidr": [
              "0.0.0.0/0"
            ],
            "direction": "ingress",
            "end_port": "80",
            "firewall_id": "5e371b3d-65e3-4ac2-9e28-86c64a6a575f",
            "id": "dcddf30b-3767-4133-888b-576c6229983e",
            "label": "kubernetes_http",
            "protocol": "tcp",
            "region": null,
            "start_port": "80"
          },
          "sensitive_attributes": [],
          "private": "bnVsbA==",
          "dependencies": [
            "civo_firewall.fw_demo_1"
          ]
        }
      ]
    },
    {
      "mode": "managed",
      "type": "civo_firewall_rule",
      "name": "kubernetes_https",
      "provider": "provider[\"registry.terraform.io/civo/civo\"]",
      "instances": [
        {
          "schema_version": 0,
          "attributes": {
            "action": "allow",
            "cidr": [
              "0.0.0.0/0"
            ],
            "direction": "ingress",
            "end_port": "443",
            "firewall_id": "5e371b3d-65e3-4ac2-9e28-86c64a6a575f",
            "id": "8d096024-6989-4890-9389-0a5eaa4aadb5",
            "label": "kubernetes_https",
            "protocol": "tcp",
            "region": null,
            "start_port": "443"
          },
          "sensitive_attributes": [],
          "private": "bnVsbA==",
          "dependencies": [
            "civo_firewall.fw_demo_1"
          ]
        }
      ]
    },
    {
      "mode": "managed",
      "type": "civo_kubernetes_cluster",
      "name": "k8s_demo_1",
      "provider": "provider[\"registry.terraform.io/civo/civo\"]",
      "instances": [
        {
          "schema_version": 0,
          "attributes": {
            "api_endpoint": "https://74.220.21.219:6443",
            "applications": "",
            "cni": "flannel",
            "created_at": "2022-04-15 21:33:51 +0000 UTC",
            "dns_entry": "8dc78c2f-4360-492b-93b7-5a860387b474.k8s.civo.com",
            "firewall_id": "5e371b3d-65e3-4ac2-9e28-86c64a6a575f",
            "id": "8dc78c2f-4360-492b-93b7-5a860387b474",
            "installed_applications": [],
            "kubeconfig": "apiVersion: v1\nclusters:\n- cluster:\n    certificate-authority-data: LS0tLS1CRUdJTiBDRVJUSUZJQ0FURS0tLS0tCk1JSUJkakNDQVIyZ0F3SUJBZ0lCQURBS0JnZ3Foa2pPUFFRREFqQWpNU0V3SHdZRFZRUUREQmhyTTNNdGMyVnkKZG1WeUxXTmhRREUyTlRBd05UZzBPVE13SGhjTk1qSXdOREUxTWpFek5EVXpXaGNOTXpJd05ERXlNakV6TkRVegpXakFqTVNFd0h3WURWUVFEREJock0zTXRjMlZ5ZG1WeUxXTmhRREUyTlRBd05UZzBPVE13V1RBVEJnY3Foa2pPClBRSUJCZ2dxaGtqT1BRTUJCd05DQUFSUG40Y1VxQ3NucjFWTEJhbkFoWkE4ekpUTVZpY3QzMjNjODZvNWk5bkMKS3N6a1ZhV29pN2hNMm1ITkNDcjJQbUMyUHFic2huR2NEWC9HQWRZMDFvYTVvMEl3UURBT0JnTlZIUThCQWY4RQpCQU1DQXFRd0R3WURWUjBUQVFIL0JBVXdBd0VCL3pBZEJnTlZIUTRFRmdRVTdQUUl0c3A1NzVpVWlaTnlOb2VjCmd0ZDJaeUl3Q2dZSUtvWkl6ajBFQXdJRFJ3QXdSQUlnWTR1YkFqREJ1Q3V3NWlyMjNHcElLQVpkRGM4QWZDdEUKbi8yY0NSNjdsMElDSUMzdnZoWUVLYjZ1SUxkOEg0TndHbjNEeHZDT29SVnF2dkZVRS9SZVFxR0UKLS0tLS1FTkQgQ0VSVElGSUNBVEUtLS0tLQo=\n    server: https://74.220.21.219:6443\n  name: k8s_demo_1\ncontexts:\n- context:\n    cluster: k8s_demo_1\n    user: k8s_demo_1\n  name: k8s_demo_1\ncurrent-context: k8s_demo_1\nkind: Config\npreferences: {}\nusers:\n- name: k8s_demo_1\n  user:\n    client-certificate-data: LS0tLS1CRUdJTiBDRVJUSUZJQ0FURS0tLS0tCk1JSUJrVENDQVRlZ0F3SUJBZ0lJSXFyU3NMRkMvRlV3Q2dZSUtvWkl6ajBFQXdJd0l6RWhNQjhHQTFVRUF3d1kKYXpOekxXTnNhV1Z1ZEMxallVQXhOalV3TURVNE5Ea3pNQjRYRFRJeU1EUXhOVEl4TXpRMU0xb1hEVEl6TURReApOVEl4TXpRMU0xb3dNREVYTUJVR0ExVUVDaE1PYzNsemRHVnRPbTFoYzNSbGNuTXhGVEFUQmdOVkJBTVRESE41CmMzUmxiVHBoWkcxcGJqQlpNQk1HQnlxR1NNNDlBZ0VHQ0NxR1NNNDlBd0VIQTBJQUJDUFVLV2JHOE54a1N3Vy8KbXV1Smg0SG9EZ2NTdWRyaGtOK25Fc1RlOEFjZGVESEo3eGpnLy9pV2ZYVTFhWDVkdXFRVllJSXpBSkkyb0tISQo1MkVicXplalNEQkdNQTRHQTFVZER3RUIvd1FFQXdJRm9EQVRCZ05WSFNVRUREQUtCZ2dyQmdFRkJRY0RBakFmCkJnTlZIU01FR0RBV2dCUW4xUDFLS21FT3RuMzZFdDEwUlpZU2dsKzFkVEFLQmdncWhrak9QUVFEQWdOSUFEQkYKQWlFQXNUemlwVldtMHY4aFdaMU1wdTI5d3ZTOXpEb2ZwdStia0EzcVNvdDRkNEFDSUhGNWNzODVmaWRWeTZLYQpRNFJDdGwwS3hHdG1ZMlNBZHNLUFRHOWhjZ3RFCi0tLS0tRU5EIENFUlRJRklDQVRFLS0tLS0KLS0tLS1CRUdJTiBDRVJUSUZJQ0FURS0tLS0tCk1JSUJlRENDQVIyZ0F3SUJBZ0lCQURBS0JnZ3Foa2pPUFFRREFqQWpNU0V3SHdZRFZRUUREQmhyTTNNdFkyeHAKWlc1MExXTmhRREUyTlRBd05UZzBPVE13SGhjTk1qSXdOREUxTWpFek5EVXpXaGNOTXpJd05ERXlNakV6TkRVegpXakFqTVNFd0h3WURWUVFEREJock0zTXRZMnhwWlc1MExXTmhRREUyTlRBd05UZzBPVE13V1RBVEJnY3Foa2pPClBRSUJCZ2dxaGtqT1BRTUJCd05DQUFSVHF1a3ZaMzR5dndNQ1ZzTllyS1p1OGU2RERHSDhwd1JzZGxmc2Y5Wi8KNlppMXgvVVY1K1llTlFVRk5ySVZFZGdDV2ZNaU94TTI0Q0o2VmRwL25Sb0tvMEl3UURBT0JnTlZIUThCQWY4RQpCQU1DQXFRd0R3WURWUjBUQVFIL0JBVXdBd0VCL3pBZEJnTlZIUTRFRmdRVUo5VDlTaXBoRHJaOStoTGRkRVdXCkVvSmZ0WFV3Q2dZSUtvWkl6ajBFQXdJRFNRQXdSZ0loQUp2TmU0SmRuK1JSVStLbzFLcmR5dVM2ckNwdElzeUwKS3dCcDhqMmtoRVJyQWlFQTZzMWhvbDRCcEdIWGI2MFRnWSs1T25OckJtTUhUREg0ZEZOeUxIbFBYdlk9Ci0tLS0tRU5EIENFUlRJRklDQVRFLS0tLS0K\n    client-key-data: LS0tLS1CRUdJTiBFQyBQUklWQVRFIEtFWS0tLS0tCk1IY0NBUUVFSU9wd01XMlIvbUQxdGtIeTRad2dwQVM2NldoVUx1MUhOS0kydHU5ckcyOWFvQW9HQ0NxR1NNNDkKQXdFSG9VUURRZ0FFSTlRcFpzYnczR1JMQmIrYTY0bUhnZWdPQnhLNTJ1R1EzNmNTeE43d0J4MTRNY252R09ELworSlo5ZFRWcGZsMjZwQlZnZ2pNQWtqYWdvY2puWVJ1ck53PT0KLS0tLS1FTkQgRUMgUFJJVkFURSBLRVktLS0tLQo=\n",
            "kubernetes_version": "1.22.2-k3s1",
            "master_ip": "74.220.21.219",
            "name": "k8s_demo_1",
            "network_id": "895d153f-5cc0-4136-bda5-7f0ebe4bc51a",
            "num_target_nodes": 2,
            "pools": [
              {
                "id": "20d2d77a-3416-4a35-bae1-633d44d58b42",
                "instance_names": [
                  "k3s-k8s-demo-1-e3a5-a89435-node-pool-1aa2",
                  "k3s-k8s-demo-1-e3a5-a89435-node-pool-9c1f"
                ],
                "node_count": 2,
                "size": "g4s.kube.xsmall"
              }
            ],
            "ready": true,
            "region": "LON1",
            "status": "ACTIVE",
            "tags": "",
            "target_nodes_size": "g4s.kube.xsmall"
          },
          "sensitive_attributes": [],
          "private": "bnVsbA==",
          "dependencies": [
            "civo_firewall.fw_demo_1",
            "data.civo_size.xsmall"
          ]
        }
      ]
    },
    {
      "mode": "managed",
      "type": "cloudflare_record",
      "name": "clcreative-main-cluster",
      "provider": "provider[\"registry.terraform.io/cloudflare/cloudflare\"]",
      "instances": [
        {
          "schema_version": 2,
          "attributes": {
            "allow_overwrite": false,
            "created_on": "2022-04-15T21:35:46.393664Z",
            "data": [],
            "hostname": "nginx1.maddocks.name",
            "id": "3e36f348fcff6f51c4db3ada426b4470",
            "metadata": {
              "auto_added": "false",
              "managed_by_apps": "false",
              "managed_by_argo_tunnel": "false",
              "source": "primary"
            },
            "modified_on": "2022-04-15T21:35:46.393664Z",
            "name": "nginx1.maddocks.name",
            "priority": null,
            "proxiable": true,
            "proxied": false,
            "timeouts": null,
            "ttl": 1,
            "type": "A",
            "value": "74.220.21.191",
            "zone_id": "51346c88d8b0effa197f0f0ff92aa555"
          },
          "sensitive_attributes": [
            [
              {
                "type": "get_attr",
                "value": "zone_id"
              }
            ]
          ],
          "private": "eyJlMmJmYjczMC1lY2FhLTExZTYtOGY4OC0zNDM2M2JjN2M0YzAiOnsiY3JlYXRlIjozMDAwMDAwMDAwMCwidXBkYXRlIjozMDAwMDAwMDAwMH0sInNjaGVtYV92ZXJzaW9uIjoiMiJ9",
          "dependencies": [
            "civo_firewall.fw_demo_1",
            "civo_kubernetes_cluster.k8s_demo_1",
            "data.civo_loadbalancer.traefik_lb",
            "data.civo_size.xsmall",
            "helm_release.traefik",
            "kubernetes_namespace.traefik",
            "time_sleep.wait_for_kubernetes"
          ]
        }
      ]
    },
    {
      "mode": "managed",
      "type": "helm_release",
      "name": "certmanager",
      "provider": "provider[\"registry.terraform.io/hashicorp/helm\"]",
      "instances": [
        {
          "schema_version": 0,
          "attributes": {
            "atomic": false,
            "chart": "cert-manager",
            "cleanup_on_fail": false,
            "create_namespace": false,
            "dependency_update": false,
            "description": null,
            "devel": null,
            "disable_crd_hooks": false,
            "disable_openapi_validation": false,
            "disable_webhooks": false,
            "force_update": false,
            "id": "certmanager",
            "keyring": null,
            "lint": false,
            "manifest": null,
            "max_history": 0,
            "metadata": [
              {
                "app_version": "v1.8.0",
                "chart": "cert-manager",
                "name": "certmanager",
                "namespace": "certmanager",
                "revision": 1,
                "values": "{\"installCRDs\":true}",
                "version": "v1.8.0"
              }
            ],
            "name": "certmanager",
            "namespace": "certmanager",
            "postrender": [],
            "recreate_pods": false,
            "render_subchart_notes": true,
            "replace": false,
            "repository": "https://charts.jetstack.io",
            "repository_ca_file": null,
            "repository_cert_file": null,
            "repository_key_file": null,
            "repository_password": null,
            "repository_username": null,
            "reset_values": false,
            "reuse_values": false,
            "set": [
              {
                "name": "installCRDs",
                "type": "",
                "value": "true"
              }
            ],
            "set_sensitive": [],
            "skip_crds": false,
            "status": "deployed",
            "timeout": 300,
            "values": null,
            "verify": false,
            "version": "v1.8.0",
            "wait": true,
            "wait_for_jobs": false
          },
          "sensitive_attributes": [],
          "private": "bnVsbA==",
          "dependencies": [
            "civo_firewall.fw_demo_1",
            "civo_kubernetes_cluster.k8s_demo_1",
            "data.civo_size.xsmall",
            "kubernetes_namespace.certmanager",
            "time_sleep.wait_for_kubernetes"
          ]
        }
      ]
    },
    {
      "mode": "managed",
      "type": "helm_release",
      "name": "traefik",
      "provider": "provider[\"registry.terraform.io/hashicorp/helm\"]",
      "instances": [
        {
          "schema_version": 0,
          "attributes": {
            "atomic": false,
            "chart": "traefik",
            "cleanup_on_fail": false,
            "create_namespace": false,
            "dependency_update": false,
            "description": null,
            "devel": null,
            "disable_crd_hooks": false,
            "disable_openapi_validation": false,
            "disable_webhooks": false,
            "force_update": false,
            "id": "traefik",
            "keyring": null,
            "lint": false,
            "manifest": null,
            "max_history": 0,
            "metadata": [
              {
                "app_version": "2.6.3",
                "chart": "traefik",
                "name": "traefik",
                "namespace": "traefik",
                "revision": 1,
                "values": "{\"ingressClass\":{\"enabled\":true,\"isDefaultClass\":true},\"ports\":{\"web\":{\"redirectTo\":\"websecure\"},\"websecure\":{\"tls\":{\"enabled\":true}}}}",
                "version": "10.19.4"
              }
            ],
            "name": "traefik",
            "namespace": "traefik",
            "postrender": [],
            "recreate_pods": false,
            "render_subchart_notes": true,
            "replace": false,
            "repository": "https://helm.traefik.io/traefik",
            "repository_ca_file": null,
            "repository_cert_file": null,
            "repository_key_file": null,
            "repository_password": null,
            "repository_username": null,
            "reset_values": false,
            "reuse_values": false,
            "set": [
              {
                "name": "ingressClass.enabled",
                "type": "",
                "value": "true"
              },
              {
                "name": "ingressClass.isDefaultClass",
                "type": "",
                "value": "true"
              },
              {
                "name": "ports.web.redirectTo",
                "type": "",
                "value": "websecure"
              },
              {
                "name": "ports.websecure.tls.enabled",
                "type": "",
                "value": "true"
              }
            ],
            "set_sensitive": [],
            "skip_crds": false,
            "status": "deployed",
            "timeout": 300,
            "values": null,
            "verify": false,
            "version": "10.19.4",
            "wait": true,
            "wait_for_jobs": false
          },
          "sensitive_attributes": [],
          "private": "bnVsbA==",
          "dependencies": [
            "civo_firewall.fw_demo_1",
            "civo_kubernetes_cluster.k8s_demo_1",
            "data.civo_size.xsmall",
            "kubernetes_namespace.traefik",
            "time_sleep.wait_for_kubernetes"
          ]
        }
      ]
    },
    {
      "mode": "managed",
      "type": "kubectl_manifest",
      "name": "cloudflare_prod",
      "provider": "provider[\"registry.terraform.io/gavinbunney/kubectl\"]",
      "instances": [
        {
          "schema_version": 1,
          "attributes": {
            "api_version": "cert-manager.io/v1",
            "force_new": false,
            "id": "/apis/cert-manager.io/v1/clusterissuers/cloudflare-prod",
            "ignore_fields": null,
            "kind": "ClusterIssuer",
            "live_manifest_incluster": "634cd2dc8a67b69a49257a13ee3925b9a4feb1b1d8bf92feb0528fe192929f36",
            "live_uid": "aa08583c-2afb-4b1f-8f50-8bfe8b83b78d",
            "name": "cloudflare-prod",
            "namespace": null,
            "override_namespace": null,
            "sensitive_fields": null,
            "server_side_apply": false,
            "timeouts": null,
            "uid": "aa08583c-2afb-4b1f-8f50-8bfe8b83b78d",
            "validate_schema": true,
            "wait": null,
            "wait_for_rollout": true,
            "yaml_body": "apiVersion: cert-manager.io/v1\nkind: ClusterIssuer\nmetadata:\n  name: cloudflare-prod\nspec:\n  acme:\n    email: your-mail-address\n    server: https://acme-v02.api.letsencrypt.org/directory\n    privateKeySecretRef:\n      name: cloudflare-prod-account-key\n    solvers:\n    - dns01:\n        cloudflare:\n          email: your-mail-address\n          apiKeySecretRef:\n            name: cloudflare-api-key-secret\n            key: api-key\n",
            "yaml_body_parsed": "apiVersion: cert-manager.io/v1\nkind: ClusterIssuer\nmetadata:\n  name: cloudflare-prod\nspec:\n  acme:\n    email: your-mail-address\n    privateKeySecretRef:\n      name: cloudflare-prod-account-key\n    server: https://acme-v02.api.letsencrypt.org/directory\n    solvers:\n    - dns01:\n        cloudflare:\n          apiKeySecretRef:\n            key: api-key\n            name: cloudflare-api-key-secret\n          email: your-mail-address\n",
            "yaml_incluster": "634cd2dc8a67b69a49257a13ee3925b9a4feb1b1d8bf92feb0528fe192929f36"
          },
          "sensitive_attributes": [],
          "private": "eyJlMmJmYjczMC1lY2FhLTExZTYtOGY4OC0zNDM2M2JjN2M0YzAiOnsiY3JlYXRlIjo2MDAwMDAwMDAwMDB9LCJzY2hlbWFfdmVyc2lvbiI6IjEifQ==",
          "dependencies": [
            "civo_firewall.fw_demo_1",
            "civo_kubernetes_cluster.k8s_demo_1",
            "data.civo_size.xsmall",
            "helm_release.certmanager",
            "kubernetes_namespace.certmanager",
            "time_sleep.wait_for_certmanager",
            "time_sleep.wait_for_kubernetes"
          ]
        }
      ]
    },
    {
      "mode": "managed",
      "type": "kubectl_manifest",
      "name": "nginx1-certificate",
      "provider": "provider[\"registry.terraform.io/gavinbunney/kubectl\"]",
      "instances": [
        {
          "schema_version": 1,
          "attributes": {
            "api_version": "cert-manager.io/v1",
            "force_new": false,
            "id": "/apis/cert-manager.io/v1/namespaces/nginx1/certificates/nginx1",
            "ignore_fields": null,
            "kind": "Certificate",
            "live_manifest_incluster": "e83e80e24a2968edf673ebbb887018888567e60574195be3294c68d5dc00ba32",
            "live_uid": "b2a7edd8-0032-49a5-ba53-c0e1f46faf39",
            "name": "nginx1",
            "namespace": "nginx1",
            "override_namespace": null,
            "sensitive_fields": null,
            "server_side_apply": false,
            "timeouts": null,
            "uid": "b2a7edd8-0032-49a5-ba53-c0e1f46faf39",
            "validate_schema": true,
            "wait": null,
            "wait_for_rollout": true,
            "yaml_body": "apiVersion: cert-manager.io/v1\nkind: Certificate\nmetadata:\n  name: nginx1\n  namespace: nginx1\nspec:\n  secretName: nginx1\n  issuerRef:\n    name: cloudflare-prod\n    kind: ClusterIssuer\n  dnsNames:\n  - 'nginx1.maddocks.name'   \n",
            "yaml_body_parsed": "apiVersion: cert-manager.io/v1\nkind: Certificate\nmetadata:\n  name: nginx1\n  namespace: nginx1\nspec:\n  dnsNames:\n  - nginx1.maddocks.name\n  issuerRef:\n    kind: ClusterIssuer\n    name: cloudflare-prod\n  secretName: nginx1\n",
            "yaml_incluster": "e83e80e24a2968edf673ebbb887018888567e60574195be3294c68d5dc00ba32"
          },
          "sensitive_attributes": [],
          "private": "eyJlMmJmYjczMC1lY2FhLTExZTYtOGY4OC0zNDM2M2JjN2M0YzAiOnsiY3JlYXRlIjo2MDAwMDAwMDAwMDB9LCJzY2hlbWFfdmVyc2lvbiI6IjEifQ==",
          "dependencies": [
            "civo_firewall.fw_demo_1",
            "civo_kubernetes_cluster.k8s_demo_1",
            "data.civo_size.xsmall",
            "helm_release.certmanager",
            "kubectl_manifest.cloudflare_prod",
            "kubernetes_namespace.certmanager",
            "kubernetes_namespace.nginx1",
            "time_sleep.wait_for_certmanager",
            "time_sleep.wait_for_clusterissuer",
            "time_sleep.wait_for_kubernetes"
          ]
        }
      ]
    },
    {
      "mode": "managed",
      "type": "kubernetes_deployment",
      "name": "nginx1",
      "provider": "provider[\"registry.terraform.io/hashicorp/kubernetes\"]",
      "instances": [
        {
          "schema_version": 1,
          "attributes": {
            "id": "nginx1/nginx1",
            "metadata": [
              {
                "annotations": null,
                "generate_name": "",
                "generation": 1,
                "labels": {
                  "app": "nginx1"
                },
                "name": "nginx1",
                "namespace": "nginx1",
                "resource_version": "904",
                "uid": "6c4dea95-cb56-419a-bd08-4666511ce627"
              }
            ],
            "spec": [
              {
                "min_ready_seconds": 0,
                "paused": false,
                "progress_deadline_seconds": 600,
                "replicas": "1",
                "revision_history_limit": 10,
                "selector": [
                  {
                    "match_expressions": [],
                    "match_labels": {
                      "app": "nginx1"
                    }
                  }
                ],
                "strategy": [
                  {
                    "rolling_update": [
                      {
                        "max_surge": "25%",
                        "max_unavailable": "25%"
                      }
                    ],
                    "type": "RollingUpdate"
                  }
                ],
                "template": [
                  {
                    "metadata": [
                      {
                        "annotations": null,
                        "generate_name": "",
                        "generation": 0,
                        "labels": {
                          "app": "nginx1"
                        },
                        "name": "",
                        "namespace": "",
                        "resource_version": "",
                        "uid": ""
                      }
                    ],
                    "spec": [
                      {
                        "active_deadline_seconds": 0,
                        "affinity": [],
                        "automount_service_account_token": true,
                        "container": [
                          {
                            "args": null,
                            "command": null,
                            "env": [],
                            "env_from": [],
                            "image": "nginx:latest",
                            "image_pull_policy": "Always",
                            "lifecycle": [],
                            "liveness_probe": [],
                            "name": "nginx",
                            "port": [
                              {
                                "container_port": 80,
                                "host_ip": "",
                                "host_port": 0,
                                "name": "",
                                "protocol": "TCP"
                              }
                            ],
                            "readiness_probe": [],
                            "resources": [
                              {
                                "limits": null,
                                "requests": null
                              }
                            ],
                            "security_context": [],
                            "startup_probe": [],
                            "stdin": false,
                            "stdin_once": false,
                            "termination_message_path": "/dev/termination-log",
                            "termination_message_policy": "File",
                            "tty": false,
                            "volume_mount": [],
                            "working_dir": ""
                          }
                        ],
                        "dns_config": [],
                        "dns_policy": "ClusterFirst",
                        "enable_service_links": true,
                        "host_aliases": [],
                        "host_ipc": false,
                        "host_network": false,
                        "host_pid": false,
                        "hostname": "",
                        "image_pull_secrets": [],
                        "init_container": [],
                        "node_name": "",
                        "node_selector": null,
                        "priority_class_name": "",
                        "readiness_gate": [],
                        "restart_policy": "Always",
                        "security_context": [],
                        "service_account_name": "",
                        "share_process_namespace": false,
                        "subdomain": "",
                        "termination_grace_period_seconds": 30,
                        "toleration": [],
                        "topology_spread_constraint": [],
                        "volume": []
                      }
                    ]
                  }
                ]
              }
            ],
            "timeouts": null,
            "wait_for_rollout": true
          },
          "sensitive_attributes": [],
          "private": "eyJlMmJmYjczMC1lY2FhLTExZTYtOGY4OC0zNDM2M2JjN2M0YzAiOnsiY3JlYXRlIjo2MDAwMDAwMDAwMDAsImRlbGV0ZSI6NjAwMDAwMDAwMDAwLCJ1cGRhdGUiOjYwMDAwMDAwMDAwMH0sInNjaGVtYV92ZXJzaW9uIjoiMSJ9",
          "dependencies": [
            "civo_firewall.fw_demo_1",
            "civo_kubernetes_cluster.k8s_demo_1",
            "data.civo_size.xsmall",
            "kubernetes_namespace.nginx1",
            "time_sleep.wait_for_kubernetes"
          ]
        }
      ]
    },
    {
      "mode": "managed",
      "type": "kubernetes_ingress_v1",
      "name": "nginx1",
      "provider": "provider[\"registry.terraform.io/hashicorp/kubernetes\"]",
      "instances": [
        {
          "schema_version": 0,
          "attributes": {
            "id": "nginx1/nginx1",
            "metadata": [
              {
                "annotations": null,
                "generate_name": "",
                "generation": 1,
                "labels": null,
                "name": "nginx1",
                "namespace": "nginx1",
                "resource_version": "467",
                "uid": "9c1518e9-8ae0-4a2a-9dae-e5129a544c7b"
              }
            ],
            "spec": [
              {
                "default_backend": [],
                "ingress_class_name": "",
                "rule": [
                  {
                    "host": "nginx1.maddocks.name",
                    "http": [
                      {
                        "path": [
                          {
                            "backend": [
                              {
                                "resource": [],
                                "service": [
                                  {
                                    "name": "nginx1",
                                    "port": [
                                      {
                                        "name": "",
                                        "number": 80
                                      }
                                    ]
                                  }
                                ]
                              }
                            ],
                            "path": "/",
                            "path_type": "ImplementationSpecific"
                          }
                        ]
                      }
                    ]
                  }
                ],
                "tls": [
                  {
                    "hosts": [
                      "nginx1.maddocks.name"
                    ],
                    "secret_name": "nginx1"
                  }
                ]
              }
            ],
            "status": [
              {
                "load_balancer": [
                  {
                    "ingress": []
                  }
                ]
              }
            ],
            "wait_for_load_balancer": null
          },
          "sensitive_attributes": [],
          "private": "bnVsbA==",
          "dependencies": [
            "civo_firewall.fw_demo_1",
            "civo_kubernetes_cluster.k8s_demo_1",
            "data.civo_size.xsmall",
            "kubernetes_namespace.nginx1",
            "time_sleep.wait_for_kubernetes"
          ]
        }
      ]
    },
    {
      "mode": "managed",
      "type": "kubernetes_namespace",
      "name": "certmanager",
      "provider": "provider[\"registry.terraform.io/hashicorp/kubernetes\"]",
      "instances": [
        {
          "schema_version": 0,
          "attributes": {
            "id": "certmanager",
            "metadata": [
              {
                "annotations": null,
                "generate_name": "",
                "generation": 0,
                "labels": null,
                "name": "certmanager",
                "resource_version": "453",
                "uid": "13064719-93df-4114-9c26-c8dda3eb6a3c"
              }
            ],
            "timeouts": null
          },
          "sensitive_attributes": [],
          "private": "eyJlMmJmYjczMC1lY2FhLTExZTYtOGY4OC0zNDM2M2JjN2M0YzAiOnsiZGVsZXRlIjozMDAwMDAwMDAwMDB9fQ==",
          "dependencies": [
            "civo_firewall.fw_demo_1",
            "civo_kubernetes_cluster.k8s_demo_1",
            "data.civo_size.xsmall",
            "time_sleep.wait_for_kubernetes"
          ]
        }
      ]
    },
    {
      "mode": "managed",
      "type": "kubernetes_namespace",
      "name": "nginx1",
      "provider": "provider[\"registry.terraform.io/hashicorp/kubernetes\"]",
      "instances": [
        {
          "schema_version": 0,
          "attributes": {
            "id": "nginx1",
            "metadata": [
              {
                "annotations": null,
                "generate_name": "",
                "generation": 0,
                "labels": null,
                "name": "nginx1",
                "resource_version": "452",
                "uid": "329a0045-4051-4e89-8586-f4b147978657"
              }
            ],
            "timeouts": null
          },
          "sensitive_attributes": [],
          "private": "eyJlMmJmYjczMC1lY2FhLTExZTYtOGY4OC0zNDM2M2JjN2M0YzAiOnsiZGVsZXRlIjozMDAwMDAwMDAwMDB9fQ==",
          "dependencies": [
            "civo_firewall.fw_demo_1",
            "civo_kubernetes_cluster.k8s_demo_1",
            "data.civo_size.xsmall",
            "time_sleep.wait_for_kubernetes"
          ]
        }
      ]
    },
    {
      "mode": "managed",
      "type": "kubernetes_namespace",
      "name": "traefik",
      "provider": "provider[\"registry.terraform.io/hashicorp/kubernetes\"]",
      "instances": [
        {
          "schema_version": 0,
          "attributes": {
            "id": "traefik",
            "metadata": [
              {
                "annotations": null,
                "generate_name": "",
                "generation": 0,
                "labels": null,
                "name": "traefik",
                "resource_version": "454",
                "uid": "ab5e791f-4cd0-4474-a14c-c895c4defde8"
              }
            ],
            "timeouts": null
          },
          "sensitive_attributes": [],
          "private": "eyJlMmJmYjczMC1lY2FhLTExZTYtOGY4OC0zNDM2M2JjN2M0YzAiOnsiZGVsZXRlIjozMDAwMDAwMDAwMDB9fQ==",
          "dependencies": [
            "civo_firewall.fw_demo_1",
            "civo_kubernetes_cluster.k8s_demo_1",
            "data.civo_size.xsmall",
            "time_sleep.wait_for_kubernetes"
          ]
        }
      ]
    },
    {
      "mode": "managed",
      "type": "kubernetes_secret",
      "name": "cloudflare_api_key_secret",
      "provider": "provider[\"registry.terraform.io/hashicorp/kubernetes\"]",
      "instances": [
        {
          "schema_version": 0,
          "attributes": {
            "binary_data": null,
            "data": {
              "api-key": "84314bb6c2602ca15119916cd28cfad9c3e5c"
            },
            "id": "certmanager/cloudflare-api-key-secret",
            "immutable": false,
            "metadata": [
              {
                "annotations": null,
                "generate_name": "",
                "generation": 0,
                "labels": null,
                "name": "cloudflare-api-key-secret",
                "namespace": "certmanager",
                "resource_version": "468",
                "uid": "d59d78b1-b0fb-45f5-9983-e7fc270f1d81"
              }
            ],
            "type": "Opaque"
          },
          "sensitive_attributes": [
            [
              {
                "type": "get_attr",
                "value": "data"
              },
              {
                "type": "index",
                "value": {
                  "value": "api-key",
                  "type": "string"
                }
              }
            ]
          ],
          "private": "bnVsbA==",
          "dependencies": [
            "civo_firewall.fw_demo_1",
            "civo_kubernetes_cluster.k8s_demo_1",
            "data.civo_size.xsmall",
            "kubernetes_namespace.certmanager",
            "time_sleep.wait_for_kubernetes"
          ]
        }
      ]
    },
    {
      "mode": "managed",
      "type": "kubernetes_service",
      "name": "nginx1",
      "provider": "provider[\"registry.terraform.io/hashicorp/kubernetes\"]",
      "instances": [
        {
          "schema_version": 1,
          "attributes": {
            "id": "nginx1/nginx1",
            "metadata": [
              {
                "annotations": null,
                "generate_name": "",
                "generation": 0,
                "labels": null,
                "name": "nginx1",
                "namespace": "nginx1",
                "resource_version": "470",
                "uid": "7b47b795-0df8-4557-bc34-5d711e7a58a8"
              }
            ],
            "spec": [
              {
                "cluster_ip": "10.43.123.195",
                "external_ips": null,
                "external_name": "",
                "external_traffic_policy": "",
                "health_check_node_port": 0,
                "load_balancer_ip": "",
                "load_balancer_source_ranges": null,
                "port": [
                  {
                    "name": "",
                    "node_port": 0,
                    "port": 80,
                    "protocol": "TCP",
                    "target_port": "80"
                  }
                ],
                "publish_not_ready_addresses": false,
                "selector": {
                  "app": "nginx1"
                },
                "session_affinity": "None",
                "type": "ClusterIP"
              }
            ],
            "status": [
              {
                "load_balancer": [
                  {
                    "ingress": []
                  }
                ]
              }
            ],
            "timeouts": null,
            "wait_for_load_balancer": true
          },
          "sensitive_attributes": [],
          "private": "eyJlMmJmYjczMC1lY2FhLTExZTYtOGY4OC0zNDM2M2JjN2M0YzAiOnsiY3JlYXRlIjo2MDAwMDAwMDAwMDB9LCJzY2hlbWFfdmVyc2lvbiI6IjEifQ==",
          "dependencies": [
            "civo_firewall.fw_demo_1",
            "civo_kubernetes_cluster.k8s_demo_1",
            "data.civo_size.xsmall",
            "kubernetes_namespace.nginx1",
            "time_sleep.wait_for_kubernetes"
          ]
        }
      ]
    },
    {
      "mode": "managed",
      "type": "time_sleep",
      "name": "wait_for_certmanager",
      "provider": "provider[\"registry.terraform.io/hashicorp/time\"]",
      "instances": [
        {
          "schema_version": 0,
          "attributes": {
            "create_duration": "10s",
            "destroy_duration": null,
            "id": "2022-04-15T21:36:58Z",
            "triggers": null
          },
          "sensitive_attributes": [],
          "private": "bnVsbA==",
          "dependencies": [
            "civo_firewall.fw_demo_1",
            "civo_kubernetes_cluster.k8s_demo_1",
            "data.civo_size.xsmall",
            "helm_release.certmanager",
            "kubernetes_namespace.certmanager",
            "time_sleep.wait_for_kubernetes"
          ]
        }
      ]
    },
    {
      "mode": "managed",
      "type": "time_sleep",
      "name": "wait_for_clusterissuer",
      "provider": "provider[\"registry.terraform.io/hashicorp/time\"]",
      "instances": [
        {
          "schema_version": 0,
          "attributes": {
            "create_duration": "30s",
            "destroy_duration": null,
            "id": "2022-04-15T21:37:29Z",
            "triggers": null
          },
          "sensitive_attributes": [],
          "private": "bnVsbA==",
          "dependencies": [
            "civo_firewall.fw_demo_1",
            "civo_kubernetes_cluster.k8s_demo_1",
            "data.civo_size.xsmall",
            "helm_release.certmanager",
            "kubectl_manifest.cloudflare_prod",
            "kubernetes_namespace.certmanager",
            "time_sleep.wait_for_certmanager",
            "time_sleep.wait_for_kubernetes"
          ]
        }
      ]
    },
    {
      "mode": "managed",
      "type": "time_sleep",
      "name": "wait_for_kubernetes",
      "provider": "provider[\"registry.terraform.io/hashicorp/time\"]",
      "instances": [
        {
          "schema_version": 0,
          "attributes": {
            "create_duration": "20s",
            "destroy_duration": null,
            "id": "2022-04-15T21:35:31Z",
            "triggers": null
          },
          "sensitive_attributes": [],
          "private": "bnVsbA==",
          "dependencies": [
            "civo_firewall.fw_demo_1",
            "civo_kubernetes_cluster.k8s_demo_1",
            "data.civo_size.xsmall"
          ]
        }
      ]
    }
  ]
}
