{
  "version": 4,
  "terraform_version": "1.1.8",
  "serial": 22,
  "lineage": "4c39319e-5c3e-61f3-8a47-ed3916c3d05d",
  "outputs": {
    "public_ip_addr": {
      "value": "74.220.18.249",
      "type": "string"
    }
  },
  "resources": [
    {
      "mode": "data",
      "type": "civo_loadbalancer",
      "name": "traefik_lb",
      "provider": "provider[\"registry.terraform.io/civo/civo\"]",
      "instances": [
        {
          "schema_version": 0,
          "attributes": {
            "algorithm": "round_robin",
            "backends": [
              {
                "health_check_port": 0,
                "ip": "192.168.1.4",
                "protocol": "TCP",
                "source_port": 80,
                "target_port": 32669
              },
              {
                "health_check_port": 0,
                "ip": "192.168.1.3",
                "protocol": "TCP",
                "source_port": 80,
                "target_port": 32669
              },
              {
                "health_check_port": 0,
                "ip": "192.168.1.4",
                "protocol": "TCP",
                "source_port": 443,
                "target_port": 32726
              },
              {
                "health_check_port": 0,
                "ip": "192.168.1.3",
                "protocol": "TCP",
                "source_port": 443,
                "target_port": 32726
              }
            ],
            "cluster_id": "d0f00b4f-e89b-4454-ae40-3a3a97d669f9",
            "enable_proxy_protocol": "",
            "external_traffic_policy": "Cluster",
            "firewall_id": "0ae1014b-1d82-4bed-97a1-10a1ccef159f",
            "id": "f852f5f4-7c72-4161-90d1-b3d60277934c",
            "name": "k8s_demo_1-traefik-traefik",
            "private_ip": "",
            "public_ip": "74.220.18.249",
            "region": null,
            "session_affinity": "",
            "session_affinity_config_timeout": 0,
            "state": "pending_cm_creation"
          },
          "sensitive_attributes": []
        }
      ]
    },
    {
      "mode": "data",
      "type": "civo_size",
      "name": "xsmall",
      "provider": "provider[\"registry.terraform.io/civo/civo\"]",
      "instances": [
        {
          "schema_version": 0,
          "attributes": {
            "filter": [
              {
                "all": false,
                "key": "name",
                "match_by": "re",
                "values": [
                  "g4s.kube.xsmall"
                ]
              }
            ],
            "id": "terraform-20220415211851139300000001",
            "sizes": [
              {
                "cpu": 1,
                "description": "Extra Small - Standard",
                "disk": 30,
                "name": "g4s.kube.xsmall",
                "ram": 1024,
                "selectable": true,
                "type": "kubernetes"
              }
            ],
            "sort": null
          },
          "sensitive_attributes": []
        }
      ]
    },
    {
      "mode": "managed",
      "type": "civo_firewall",
      "name": "fw_demo_1",
      "provider": "provider[\"registry.terraform.io/civo/civo\"]",
      "instances": [
        {
          "schema_version": 0,
          "attributes": {
            "create_default_rules": false,
            "id": "ab946a7d-0e8b-4dff-a336-1ae1d4346bcc",
            "name": "fw_demo_1",
            "network_id": "895d153f-5cc0-4136-bda5-7f0ebe4bc51a",
            "region": null
          },
          "sensitive_attributes": [],
          "private": "bnVsbA=="
        }
      ]
    },
    {
      "mode": "managed",
      "type": "civo_firewall_rule",
      "name": "kubernetes_api",
      "provider": "provider[\"registry.terraform.io/civo/civo\"]",
      "instances": [
        {
          "schema_version": 0,
          "attributes": {
            "action": "allow",
            "cidr": [
              "0.0.0.0/0"
            ],
            "direction": "ingress",
            "end_port": "6443",
            "firewall_id": "ab946a7d-0e8b-4dff-a336-1ae1d4346bcc",
            "id": "5491935c-06ba-4310-9664-f5327ac31688",
            "label": "kubernetes_api",
            "protocol": "tcp",
            "region": null,
            "start_port": "6443"
          },
          "sensitive_attributes": [],
          "private": "bnVsbA==",
          "dependencies": [
            "civo_firewall.fw_demo_1"
          ]
        }
      ]
    },
    {
      "mode": "managed",
      "type": "civo_firewall_rule",
      "name": "kubernetes_http",
      "provider": "provider[\"registry.terraform.io/civo/civo\"]",
      "instances": [
        {
          "schema_version": 0,
          "attributes": {
            "action": "allow",
            "cidr": [
              "0.0.0.0/0"
            ],
            "direction": "ingress",
            "end_port": "80",
            "firewall_id": "ab946a7d-0e8b-4dff-a336-1ae1d4346bcc",
            "id": "0da5f25b-a85f-4e81-a847-421a8d0b1799",
            "label": "kubernetes_http",
            "protocol": "tcp",
            "region": null,
            "start_port": "80"
          },
          "sensitive_attributes": [],
          "private": "bnVsbA==",
          "dependencies": [
            "civo_firewall.fw_demo_1"
          ]
        }
      ]
    },
    {
      "mode": "managed",
      "type": "civo_firewall_rule",
      "name": "kubernetes_https",
      "provider": "provider[\"registry.terraform.io/civo/civo\"]",
      "instances": [
        {
          "schema_version": 0,
          "attributes": {
            "action": "allow",
            "cidr": [
              "0.0.0.0/0"
            ],
            "direction": "ingress",
            "end_port": "443",
            "firewall_id": "ab946a7d-0e8b-4dff-a336-1ae1d4346bcc",
            "id": "c58518ce-acb5-4f39-bbba-4c0551235929",
            "label": "kubernetes_https",
            "protocol": "tcp",
            "region": null,
            "start_port": "443"
          },
          "sensitive_attributes": [],
          "private": "bnVsbA==",
          "dependencies": [
            "civo_firewall.fw_demo_1"
          ]
        }
      ]
    },
    {
      "mode": "managed",
      "type": "civo_kubernetes_cluster",
      "name": "k8s_demo_1",
      "provider": "provider[\"registry.terraform.io/civo/civo\"]",
      "instances": [
        {
          "schema_version": 0,
          "attributes": {
            "api_endpoint": "https://74.220.23.18:6443",
            "applications": "",
            "cni": "flannel",
            "created_at": "2022-04-15 21:19:06 +0000 UTC",
            "dns_entry": "d0f00b4f-e89b-4454-ae40-3a3a97d669f9.k8s.civo.com",
            "firewall_id": "ab946a7d-0e8b-4dff-a336-1ae1d4346bcc",
            "id": "d0f00b4f-e89b-4454-ae40-3a3a97d669f9",
            "installed_applications": [],
            "kubeconfig": "apiVersion: v1\nclusters:\n- cluster:\n    certificate-authority-data: LS0tLS1CRUdJTiBDRVJUSUZJQ0FURS0tLS0tCk1JSUJlRENDQVIyZ0F3SUJBZ0lCQURBS0JnZ3Foa2pPUFFRREFqQWpNU0V3SHdZRFZRUUREQmhyTTNNdGMyVnkKZG1WeUxXTmhRREUyTlRBd05UYzJNakV3SGhjTk1qSXdOREUxTWpFeU1ESXhXaGNOTXpJd05ERXlNakV5TURJeApXakFqTVNFd0h3WURWUVFEREJock0zTXRjMlZ5ZG1WeUxXTmhRREUyTlRBd05UYzJNakV3V1RBVEJnY3Foa2pPClBRSUJCZ2dxaGtqT1BRTUJCd05DQUFTcm1IN3Bwano0SlhqNnNHSnpKUm1nSGxMd0lodWlNT081U2dHbSt5SEwKOHNQL1FZSUFLSXc3NGxZS2xLNUdCbHZMK055TmVGWmZzb29SZUFtdndTWTVvMEl3UURBT0JnTlZIUThCQWY4RQpCQU1DQXFRd0R3WURWUjBUQVFIL0JBVXdBd0VCL3pBZEJnTlZIUTRFRmdRVUl1S2dtaWtsK1dFYldMK2x0Q0dvCnVqeVJrbUl3Q2dZSUtvWkl6ajBFQXdJRFNRQXdSZ0loQUtIRUh0OWxjM3Mwd3lwdXFaai9zTjBxWWduU05Bc0UKU3kzWWxEeGJ1WWs2QWlFQStkeHpyci85WHExZXJ4QzR6ekt2dGxVd3A0c3MrYUVOMEpTR0Z0eUo1M1E9Ci0tLS0tRU5EIENFUlRJRklDQVRFLS0tLS0K\n    server: https://74.220.23.18:6443\n  name: k8s_demo_1\ncontexts:\n- context:\n    cluster: k8s_demo_1\n    user: k8s_demo_1\n  name: k8s_demo_1\ncurrent-context: k8s_demo_1\nkind: Config\npreferences: {}\nusers:\n- name: k8s_demo_1\n  user:\n    client-certificate-data: LS0tLS1CRUdJTiBDRVJUSUZJQ0FURS0tLS0tCk1JSUJrVENDQVRlZ0F3SUJBZ0lJR0EreWRQVGNqY2N3Q2dZSUtvWkl6ajBFQXdJd0l6RWhNQjhHQTFVRUF3d1kKYXpOekxXTnNhV1Z1ZEMxallVQXhOalV3TURVM05qSXhNQjRYRFRJeU1EUXhOVEl4TWpBeU1Wb1hEVEl6TURReApOVEl4TWpBeU1Wb3dNREVYTUJVR0ExVUVDaE1PYzNsemRHVnRPbTFoYzNSbGNuTXhGVEFUQmdOVkJBTVRESE41CmMzUmxiVHBoWkcxcGJqQlpNQk1HQnlxR1NNNDlBZ0VHQ0NxR1NNNDlBd0VIQTBJQUJDZnR4aFFBajk0SEF3a1UKeDdybmsrOTNwUk1lQXRhVWhmMmM3WXVIbk1SaUZxMG1iWHVtVUNnR1lKS1V3b21vbm1Idk5QQUlQaXZrQ2xrdwpXd2NpS1FxalNEQkdNQTRHQTFVZER3RUIvd1FFQXdJRm9EQVRCZ05WSFNVRUREQUtCZ2dyQmdFRkJRY0RBakFmCkJnTlZIU01FR0RBV2dCUkRUTVpmdTVjcDVGYVRPak04b0FHNEdwYittREFLQmdncWhrak9QUVFEQWdOSUFEQkYKQWlCM0c5QmZaSmp2VWZNZGRrU0R0dFZHNWN1cUxlQk41N2ptSzF1VFUxVHpYUUloQUo4ZlA5WnoyTmJOYlZ1eQp3MjRoMk9kYmxDK0V3ZkVEVFpKWlBSd3ArWVp2Ci0tLS0tRU5EIENFUlRJRklDQVRFLS0tLS0KLS0tLS1CRUdJTiBDRVJUSUZJQ0FURS0tLS0tCk1JSUJkakNDQVIyZ0F3SUJBZ0lCQURBS0JnZ3Foa2pPUFFRREFqQWpNU0V3SHdZRFZRUUREQmhyTTNNdFkyeHAKWlc1MExXTmhRREUyTlRBd05UYzJNakV3SGhjTk1qSXdOREUxTWpFeU1ESXhXaGNOTXpJd05ERXlNakV5TURJeApXakFqTVNFd0h3WURWUVFEREJock0zTXRZMnhwWlc1MExXTmhRREUyTlRBd05UYzJNakV3V1RBVEJnY3Foa2pPClBRSUJCZ2dxaGtqT1BRTUJCd05DQUFSZ0ZuSDY0L2NvS3l2aWVBVnRHN2VRWDJua3kwOTNvNlBUTWJTV2d2ZjEKeHVRcGZTWElaM01EZXVYV1J6UEtRcCtmMUU1MldVVWZHN2xQUlFvam5hSEJvMEl3UURBT0JnTlZIUThCQWY4RQpCQU1DQXFRd0R3WURWUjBUQVFIL0JBVXdBd0VCL3pBZEJnTlZIUTRFRmdRVVEwekdYN3VYS2VSV2t6b3pQS0FCCnVCcVcvcGd3Q2dZSUtvWkl6ajBFQXdJRFJ3QXdSQUlnRlBLakhmMC91emUzbmd1V256Y2h1S3V6K1JnaGJxQVUKMnprNnhyT0xXRWtDSUhVelEyRlNPNXo2ZDBMZm9renM5bit3YzEzcGd4a3c3STZiV2U3c0JtdzUKLS0tLS1FTkQgQ0VSVElGSUNBVEUtLS0tLQo=\n    client-key-data: LS0tLS1CRUdJTiBFQyBQUklWQVRFIEtFWS0tLS0tCk1IY0NBUUVFSUxUUkYvNkZBaUVJVWM4aWh6YjNMbjg2cjVwcXZYbDBIcldZcFVDNDNiYkJvQW9HQ0NxR1NNNDkKQXdFSG9VUURRZ0FFSiszR0ZBQ1AzZ2NEQ1JUSHV1ZVQ3M2VsRXg0QzFwU0YvWnp0aTRlY3hHSVdyU1p0ZTZaUQpLQVpna3BUQ2lhaWVZZTgwOEFnK0srUUtXVEJiQnlJcENnPT0KLS0tLS1FTkQgRUMgUFJJVkFURSBLRVktLS0tLQo=\n",
            "kubernetes_version": "1.22.2-k3s1",
            "master_ip": "74.220.23.18",
            "name": "k8s_demo_1",
            "network_id": "895d153f-5cc0-4136-bda5-7f0ebe4bc51a",
            "num_target_nodes": 2,
            "pools": [
              {
                "id": "acd4b37d-1036-4cf1-80b3-196fd9fa238f",
                "instance_names": [
                  "k3s-k8s-demo-1-e3a5-35d7ff-node-pool-0221",
                  "k3s-k8s-demo-1-e3a5-35d7ff-node-pool-b831"
                ],
                "node_count": 2,
                "size": "g4s.kube.xsmall"
              }
            ],
            "ready": true,
            "region": "LON1",
            "status": "ACTIVE",
            "tags": "",
            "target_nodes_size": "g4s.kube.xsmall"
          },
          "sensitive_attributes": [],
          "private": "bnVsbA==",
          "dependencies": [
            "civo_firewall.fw_demo_1",
            "data.civo_size.xsmall"
          ]
        }
      ]
    },
    {
      "mode": "managed",
      "type": "cloudflare_record",
      "name": "clcreative-main-cluster",
      "provider": "provider[\"registry.terraform.io/cloudflare/cloudflare\"]",
      "instances": [
        {
          "schema_version": 2,
          "attributes": {
            "allow_overwrite": false,
            "created_on": "2022-04-15T21:21:22.369021Z",
            "data": [],
            "hostname": "nginx1.maddocks.name",
            "id": "1ead1c0a461b57d31b6d00df431fe960",
            "metadata": {
              "auto_added": "false",
              "managed_by_apps": "false",
              "managed_by_argo_tunnel": "false",
              "source": "primary"
            },
            "modified_on": "2022-04-15T21:21:22.369021Z",
            "name": "nginx1.maddocks.name",
            "priority": null,
            "proxiable": true,
            "proxied": false,
            "timeouts": null,
            "ttl": 1,
            "type": "A",
            "value": "74.220.18.249",
            "zone_id": "51346c88d8b0effa197f0f0ff92aa555"
          },
          "sensitive_attributes": [
            [
              {
                "type": "get_attr",
                "value": "zone_id"
              }
            ]
          ],
          "private": "eyJlMmJmYjczMC1lY2FhLTExZTYtOGY4OC0zNDM2M2JjN2M0YzAiOnsiY3JlYXRlIjozMDAwMDAwMDAwMCwidXBkYXRlIjozMDAwMDAwMDAwMH0sInNjaGVtYV92ZXJzaW9uIjoiMiJ9",
          "dependencies": [
            "civo_firewall.fw_demo_1",
            "civo_kubernetes_cluster.k8s_demo_1",
            "data.civo_loadbalancer.traefik_lb",
            "data.civo_size.xsmall",
            "helm_release.traefik",
            "kubernetes_namespace.traefik",
            "time_sleep.wait_for_kubernetes"
          ]
        }
      ]
    },
    {
      "mode": "managed",
      "type": "helm_release",
      "name": "certmanager",
      "provider": "provider[\"registry.terraform.io/hashicorp/helm\"]",
      "instances": [
        {
          "schema_version": 0,
          "attributes": {
            "atomic": false,
            "chart": "cert-manager",
            "cleanup_on_fail": false,
            "create_namespace": false,
            "dependency_update": false,
            "description": null,
            "devel": null,
            "disable_crd_hooks": false,
            "disable_openapi_validation": false,
            "disable_webhooks": false,
            "force_update": false,
            "id": "certmanager",
            "keyring": null,
            "lint": false,
            "manifest": null,
            "max_history": 0,
            "metadata": [
              {
                "app_version": "v1.8.0",
                "chart": "cert-manager",
                "name": "certmanager",
                "namespace": "certmanager",
                "revision": 1,
                "values": "{\"installCRDs\":true}",
                "version": "v1.8.0"
              }
            ],
            "name": "certmanager",
            "namespace": "certmanager",
            "postrender": [],
            "recreate_pods": false,
            "render_subchart_notes": true,
            "replace": false,
            "repository": "https://charts.jetstack.io",
            "repository_ca_file": null,
            "repository_cert_file": null,
            "repository_key_file": null,
            "repository_password": null,
            "repository_username": null,
            "reset_values": false,
            "reuse_values": false,
            "set": [
              {
                "name": "installCRDs",
                "type": "",
                "value": "true"
              }
            ],
            "set_sensitive": [],
            "skip_crds": false,
            "status": "deployed",
            "timeout": 300,
            "values": null,
            "verify": false,
            "version": "v1.8.0",
            "wait": true,
            "wait_for_jobs": false
          },
          "sensitive_attributes": [],
          "private": "bnVsbA==",
          "dependencies": [
            "civo_firewall.fw_demo_1",
            "civo_kubernetes_cluster.k8s_demo_1",
            "data.civo_size.xsmall",
            "kubernetes_namespace.certmanager",
            "time_sleep.wait_for_kubernetes"
          ]
        }
      ]
    },
    {
      "mode": "managed",
      "type": "helm_release",
      "name": "traefik",
      "provider": "provider[\"registry.terraform.io/hashicorp/helm\"]",
      "instances": [
        {
          "schema_version": 0,
          "attributes": {
            "atomic": false,
            "chart": "traefik",
            "cleanup_on_fail": false,
            "create_namespace": false,
            "dependency_update": false,
            "description": null,
            "devel": null,
            "disable_crd_hooks": false,
            "disable_openapi_validation": false,
            "disable_webhooks": false,
            "force_update": false,
            "id": "traefik",
            "keyring": null,
            "lint": false,
            "manifest": null,
            "max_history": 0,
            "metadata": [
              {
                "app_version": "2.6.3",
                "chart": "traefik",
                "name": "traefik",
                "namespace": "traefik",
                "revision": 1,
                "values": "{\"ingressClass\":{\"enabled\":true,\"isDefaultClass\":true},\"ports\":{\"web\":{\"redirectTo\":\"websecure\"},\"websecure\":{\"tls\":{\"enabled\":true}}}}",
                "version": "10.19.4"
              }
            ],
            "name": "traefik",
            "namespace": "traefik",
            "postrender": [],
            "recreate_pods": false,
            "render_subchart_notes": true,
            "replace": false,
            "repository": "https://helm.traefik.io/traefik",
            "repository_ca_file": null,
            "repository_cert_file": null,
            "repository_key_file": null,
            "repository_password": null,
            "repository_username": null,
            "reset_values": false,
            "reuse_values": false,
            "set": [
              {
                "name": "ingressClass.enabled",
                "type": "",
                "value": "true"
              },
              {
                "name": "ingressClass.isDefaultClass",
                "type": "",
                "value": "true"
              },
              {
                "name": "ports.web.redirectTo",
                "type": "",
                "value": "websecure"
              },
              {
                "name": "ports.websecure.tls.enabled",
                "type": "",
                "value": "true"
              }
            ],
            "set_sensitive": [],
            "skip_crds": false,
            "status": "deployed",
            "timeout": 300,
            "values": null,
            "verify": false,
            "version": "10.19.4",
            "wait": true,
            "wait_for_jobs": false
          },
          "sensitive_attributes": [],
          "private": "bnVsbA==",
          "dependencies": [
            "civo_firewall.fw_demo_1",
            "civo_kubernetes_cluster.k8s_demo_1",
            "data.civo_size.xsmall",
            "kubernetes_namespace.traefik",
            "time_sleep.wait_for_kubernetes"
          ]
        }
      ]
    },
    {
      "mode": "managed",
      "type": "kubectl_manifest",
      "name": "cloudflare_prod",
      "provider": "provider[\"registry.terraform.io/gavinbunney/kubectl\"]",
      "instances": [
        {
          "schema_version": 1,
          "attributes": {
            "api_version": "cert-manager.io/v1",
            "force_new": false,
            "id": "/apis/cert-manager.io/v1/clusterissuers/cloudflare-prod",
            "ignore_fields": null,
            "kind": "ClusterIssuer",
            "live_manifest_incluster": "634cd2dc8a67b69a49257a13ee3925b9a4feb1b1d8bf92feb0528fe192929f36",
            "live_uid": "1c13d4f8-5ef4-4ebb-bc5d-1649bda03124",
            "name": "cloudflare-prod",
            "namespace": null,
            "override_namespace": null,
            "sensitive_fields": null,
            "server_side_apply": false,
            "timeouts": null,
            "uid": "1c13d4f8-5ef4-4ebb-bc5d-1649bda03124",
            "validate_schema": true,
            "wait": null,
            "wait_for_rollout": true,
            "yaml_body": "apiVersion: cert-manager.io/v1\nkind: ClusterIssuer\nmetadata:\n  name: cloudflare-prod\nspec:\n  acme:\n    email: your-mail-address\n    server: https://acme-v02.api.letsencrypt.org/directory\n    privateKeySecretRef:\n      name: cloudflare-prod-account-key\n    solvers:\n    - dns01:\n        cloudflare:\n          email: your-mail-address\n          apiKeySecretRef:\n            name: cloudflare-api-key-secret\n            key: api-key\n",
            "yaml_body_parsed": "apiVersion: cert-manager.io/v1\nkind: ClusterIssuer\nmetadata:\n  name: cloudflare-prod\nspec:\n  acme:\n    email: your-mail-address\n    privateKeySecretRef:\n      name: cloudflare-prod-account-key\n    server: https://acme-v02.api.letsencrypt.org/directory\n    solvers:\n    - dns01:\n        cloudflare:\n          apiKeySecretRef:\n            key: api-key\n            name: cloudflare-api-key-secret\n          email: your-mail-address\n",
            "yaml_incluster": "634cd2dc8a67b69a49257a13ee3925b9a4feb1b1d8bf92feb0528fe192929f36"
          },
          "sensitive_attributes": [],
          "private": "eyJlMmJmYjczMC1lY2FhLTExZTYtOGY4OC0zNDM2M2JjN2M0YzAiOnsiY3JlYXRlIjo2MDAwMDAwMDAwMDB9LCJzY2hlbWFfdmVyc2lvbiI6IjEifQ==",
          "dependencies": [
            "civo_firewall.fw_demo_1",
            "civo_kubernetes_cluster.k8s_demo_1",
            "data.civo_size.xsmall",
            "helm_release.certmanager",
            "kubernetes_namespace.certmanager",
            "time_sleep.wait_for_certmanager",
            "time_sleep.wait_for_kubernetes"
          ]
        }
      ]
    },
    {
      "mode": "managed",
      "type": "kubectl_manifest",
      "name": "nginx1-certificate",
      "provider": "provider[\"registry.terraform.io/gavinbunney/kubectl\"]",
      "instances": [
        {
          "schema_version": 1,
          "attributes": {
            "api_version": "cert-manager.io/v1",
            "force_new": false,
            "id": "/apis/cert-manager.io/v1/namespaces/nginx1/certificates/nginx1",
            "ignore_fields": null,
            "kind": "Certificate",
            "live_manifest_incluster": "e83e80e24a2968edf673ebbb887018888567e60574195be3294c68d5dc00ba32",
            "live_uid": "2190d1de-d985-4865-a9ea-2ed0cf318207",
            "name": "nginx1",
            "namespace": "nginx1",
            "override_namespace": null,
            "sensitive_fields": null,
            "server_side_apply": false,
            "timeouts": null,
            "uid": "2190d1de-d985-4865-a9ea-2ed0cf318207",
            "validate_schema": true,
            "wait": null,
            "wait_for_rollout": true,
            "yaml_body": "apiVersion: cert-manager.io/v1\nkind: Certificate\nmetadata:\n  name: nginx1\n  namespace: nginx1\nspec:\n  secretName: nginx1\n  issuerRef:\n    name: cloudflare-prod\n    kind: ClusterIssuer\n  dnsNames:\n  - 'nginx1.maddocks.name'   \n",
            "yaml_body_parsed": "apiVersion: cert-manager.io/v1\nkind: Certificate\nmetadata:\n  name: nginx1\n  namespace: nginx1\nspec:\n  dnsNames:\n  - nginx1.maddocks.name\n  issuerRef:\n    kind: ClusterIssuer\n    name: cloudflare-prod\n  secretName: nginx1\n",
            "yaml_incluster": "e83e80e24a2968edf673ebbb887018888567e60574195be3294c68d5dc00ba32"
          },
          "sensitive_attributes": [],
          "private": "eyJlMmJmYjczMC1lY2FhLTExZTYtOGY4OC0zNDM2M2JjN2M0YzAiOnsiY3JlYXRlIjo2MDAwMDAwMDAwMDB9LCJzY2hlbWFfdmVyc2lvbiI6IjEifQ==",
          "dependencies": [
            "civo_firewall.fw_demo_1",
            "civo_kubernetes_cluster.k8s_demo_1",
            "data.civo_size.xsmall",
            "helm_release.certmanager",
            "kubectl_manifest.cloudflare_prod",
            "kubernetes_namespace.certmanager",
            "kubernetes_namespace.nginx1",
            "time_sleep.wait_for_certmanager",
            "time_sleep.wait_for_clusterissuer",
            "time_sleep.wait_for_kubernetes"
          ]
        }
      ]
    },
    {
      "mode": "managed",
      "type": "kubernetes_deployment",
      "name": "nginx1",
      "provider": "provider[\"registry.terraform.io/hashicorp/kubernetes\"]",
      "instances": [
        {
          "schema_version": 1,
          "attributes": {
            "id": "nginx1/nginx1",
            "metadata": [
              {
                "annotations": null,
                "generate_name": "",
                "generation": 1,
                "labels": {
                  "app": "nginx1"
                },
                "name": "nginx1",
                "namespace": "nginx1",
                "resource_version": "937",
                "uid": "4ff9fe70-80d1-43e0-bf96-956a67487c79"
              }
            ],
            "spec": [
              {
                "min_ready_seconds": 0,
                "paused": false,
                "progress_deadline_seconds": 600,
                "replicas": "1",
                "revision_history_limit": 10,
                "selector": [
                  {
                    "match_expressions": [],
                    "match_labels": {
                      "app": "nginx1"
                    }
                  }
                ],
                "strategy": [
                  {
                    "rolling_update": [
                      {
                        "max_surge": "25%",
                        "max_unavailable": "25%"
                      }
                    ],
                    "type": "RollingUpdate"
                  }
                ],
                "template": [
                  {
                    "metadata": [
                      {
                        "annotations": null,
                        "generate_name": "",
                        "generation": 0,
                        "labels": {
                          "app": "nginx1"
                        },
                        "name": "",
                        "namespace": "",
                        "resource_version": "",
                        "uid": ""
                      }
                    ],
                    "spec": [
                      {
                        "active_deadline_seconds": 0,
                        "affinity": [],
                        "automount_service_account_token": true,
                        "container": [
                          {
                            "args": null,
                            "command": null,
                            "env": [],
                            "env_from": [],
                            "image": "nginx:latest",
                            "image_pull_policy": "Always",
                            "lifecycle": [],
                            "liveness_probe": [],
                            "name": "nginx",
                            "port": [
                              {
                                "container_port": 80,
                                "host_ip": "",
                                "host_port": 0,
                                "name": "",
                                "protocol": "TCP"
                              }
                            ],
                            "readiness_probe": [],
                            "resources": [
                              {
                                "limits": null,
                                "requests": null
                              }
                            ],
                            "security_context": [],
                            "startup_probe": [],
                            "stdin": false,
                            "stdin_once": false,
                            "termination_message_path": "/dev/termination-log",
                            "termination_message_policy": "File",
                            "tty": false,
                            "volume_mount": [],
                            "working_dir": ""
                          }
                        ],
                        "dns_config": [],
                        "dns_policy": "ClusterFirst",
                        "enable_service_links": true,
                        "host_aliases": [],
                        "host_ipc": false,
                        "host_network": false,
                        "host_pid": false,
                        "hostname": "",
                        "image_pull_secrets": [],
                        "init_container": [],
                        "node_name": "",
                        "node_selector": null,
                        "priority_class_name": "",
                        "readiness_gate": [],
                        "restart_policy": "Always",
                        "security_context": [],
                        "service_account_name": "",
                        "share_process_namespace": false,
                        "subdomain": "",
                        "termination_grace_period_seconds": 30,
                        "toleration": [],
                        "topology_spread_constraint": [],
                        "volume": []
                      }
                    ]
                  }
                ]
              }
            ],
            "timeouts": null,
            "wait_for_rollout": true
          },
          "sensitive_attributes": [],
          "private": "eyJlMmJmYjczMC1lY2FhLTExZTYtOGY4OC0zNDM2M2JjN2M0YzAiOnsiY3JlYXRlIjo2MDAwMDAwMDAwMDAsImRlbGV0ZSI6NjAwMDAwMDAwMDAwLCJ1cGRhdGUiOjYwMDAwMDAwMDAwMH0sInNjaGVtYV92ZXJzaW9uIjoiMSJ9",
          "dependencies": [
            "civo_firewall.fw_demo_1",
            "civo_kubernetes_cluster.k8s_demo_1",
            "data.civo_size.xsmall",
            "kubernetes_namespace.nginx1",
            "time_sleep.wait_for_kubernetes"
          ]
        }
      ]
    },
    {
      "mode": "managed",
      "type": "kubernetes_ingress_v1",
      "name": "nginx1",
      "provider": "provider[\"registry.terraform.io/hashicorp/kubernetes\"]",
      "instances": [
        {
          "schema_version": 0,
          "attributes": {
            "id": "nginx1/nginx1",
            "metadata": [
              {
                "annotations": null,
                "generate_name": "",
                "generation": 1,
                "labels": null,
                "name": "nginx1",
                "namespace": "nginx1",
                "resource_version": "468",
                "uid": "61c79fe9-8617-4a0f-a101-1dc44c9ae584"
              }
            ],
            "spec": [
              {
                "default_backend": [],
                "ingress_class_name": "",
                "rule": [
                  {
                    "host": "nginx1.maddocks.name",
                    "http": [
                      {
                        "path": [
                          {
                            "backend": [
                              {
                                "resource": [],
                                "service": [
                                  {
                                    "name": "nginx1",
                                    "port": [
                                      {
                                        "name": "",
                                        "number": 80
                                      }
                                    ]
                                  }
                                ]
                              }
                            ],
                            "path": "/",
                            "path_type": "ImplementationSpecific"
                          }
                        ]
                      }
                    ]
                  }
                ],
                "tls": [
                  {
                    "hosts": [
                      "nginx1.maddocks.name"
                    ],
                    "secret_name": "nginx1"
                  }
                ]
              }
            ],
            "status": [
              {
                "load_balancer": [
                  {
                    "ingress": []
                  }
                ]
              }
            ],
            "wait_for_load_balancer": null
          },
          "sensitive_attributes": [],
          "private": "bnVsbA==",
          "dependencies": [
            "civo_firewall.fw_demo_1",
            "civo_kubernetes_cluster.k8s_demo_1",
            "data.civo_size.xsmall",
            "kubernetes_namespace.nginx1",
            "time_sleep.wait_for_kubernetes"
          ]
        }
      ]
    },
    {
      "mode": "managed",
      "type": "kubernetes_namespace",
      "name": "certmanager",
      "provider": "provider[\"registry.terraform.io/hashicorp/kubernetes\"]",
      "instances": [
        {
          "schema_version": 0,
          "attributes": {
            "id": "certmanager",
            "metadata": [
              {
                "annotations": null,
                "generate_name": "",
                "generation": 0,
                "labels": null,
                "name": "certmanager",
                "resource_version": "449",
                "uid": "0c3e5fc1-73a1-406a-a08b-e692281b219e"
              }
            ],
            "timeouts": null
          },
          "sensitive_attributes": [],
          "private": "eyJlMmJmYjczMC1lY2FhLTExZTYtOGY4OC0zNDM2M2JjN2M0YzAiOnsiZGVsZXRlIjozMDAwMDAwMDAwMDB9fQ==",
          "dependencies": [
            "civo_firewall.fw_demo_1",
            "civo_kubernetes_cluster.k8s_demo_1",
            "data.civo_size.xsmall",
            "time_sleep.wait_for_kubernetes"
          ]
        }
      ]
    },
    {
      "mode": "managed",
      "type": "kubernetes_namespace",
      "name": "nginx1",
      "provider": "provider[\"registry.terraform.io/hashicorp/kubernetes\"]",
      "instances": [
        {
          "schema_version": 0,
          "attributes": {
            "id": "nginx1",
            "metadata": [
              {
                "annotations": null,
                "generate_name": "",
                "generation": 0,
                "labels": null,
                "name": "nginx1",
                "resource_version": "451",
                "uid": "93526384-0ca5-46b8-a532-dfab7b0e71fb"
              }
            ],
            "timeouts": null
          },
          "sensitive_attributes": [],
          "private": "eyJlMmJmYjczMC1lY2FhLTExZTYtOGY4OC0zNDM2M2JjN2M0YzAiOnsiZGVsZXRlIjozMDAwMDAwMDAwMDB9fQ==",
          "dependencies": [
            "civo_firewall.fw_demo_1",
            "civo_kubernetes_cluster.k8s_demo_1",
            "data.civo_size.xsmall",
            "time_sleep.wait_for_kubernetes"
          ]
        }
      ]
    },
    {
      "mode": "managed",
      "type": "kubernetes_namespace",
      "name": "traefik",
      "provider": "provider[\"registry.terraform.io/hashicorp/kubernetes\"]",
      "instances": [
        {
          "schema_version": 0,
          "attributes": {
            "id": "traefik",
            "metadata": [
              {
                "annotations": null,
                "generate_name": "",
                "generation": 0,
                "labels": null,
                "name": "traefik",
                "resource_version": "450",
                "uid": "29a09d06-4b8e-4232-b905-da8b1674966d"
              }
            ],
            "timeouts": null
          },
          "sensitive_attributes": [],
          "private": "eyJlMmJmYjczMC1lY2FhLTExZTYtOGY4OC0zNDM2M2JjN2M0YzAiOnsiZGVsZXRlIjozMDAwMDAwMDAwMDB9fQ==",
          "dependencies": [
            "civo_firewall.fw_demo_1",
            "civo_kubernetes_cluster.k8s_demo_1",
            "data.civo_size.xsmall",
            "time_sleep.wait_for_kubernetes"
          ]
        }
      ]
    },
    {
      "mode": "managed",
      "type": "kubernetes_secret",
      "name": "cloudflare_api_key_secret",
      "provider": "provider[\"registry.terraform.io/hashicorp/kubernetes\"]",
      "instances": [
        {
          "schema_version": 0,
          "attributes": {
            "binary_data": null,
            "data": {
              "api-key": "84314bb6c2602ca15119916cd28cfad9c3e5c"
            },
            "id": "certmanager/cloudflare-api-key-secret",
            "immutable": false,
            "metadata": [
              {
                "annotations": null,
                "generate_name": "",
                "generation": 0,
                "labels": null,
                "name": "cloudflare-api-key-secret",
                "namespace": "certmanager",
                "resource_version": "467",
                "uid": "02ad7717-5133-450e-85e7-ee8a097ea508"
              }
            ],
            "type": "Opaque"
          },
          "sensitive_attributes": [
            [
              {
                "type": "get_attr",
                "value": "data"
              },
              {
                "type": "index",
                "value": {
                  "value": "api-key",
                  "type": "string"
                }
              }
            ]
          ],
          "private": "bnVsbA==",
          "dependencies": [
            "civo_firewall.fw_demo_1",
            "civo_kubernetes_cluster.k8s_demo_1",
            "data.civo_size.xsmall",
            "kubernetes_namespace.certmanager",
            "time_sleep.wait_for_kubernetes"
          ]
        }
      ]
    },
    {
      "mode": "managed",
      "type": "kubernetes_service",
      "name": "nginx1",
      "provider": "provider[\"registry.terraform.io/hashicorp/kubernetes\"]",
      "instances": [
        {
          "schema_version": 1,
          "attributes": {
            "id": "nginx1/nginx1",
            "metadata": [
              {
                "annotations": null,
                "generate_name": "",
                "generation": 0,
                "labels": null,
                "name": "nginx1",
                "namespace": "nginx1",
                "resource_version": "470",
                "uid": "a177d6bc-ad4f-448c-964f-8bec95ee738d"
              }
            ],
            "spec": [
              {
                "cluster_ip": "10.43.177.248",
                "external_ips": null,
                "external_name": "",
                "external_traffic_policy": "",
                "health_check_node_port": 0,
                "load_balancer_ip": "",
                "load_balancer_source_ranges": null,
                "port": [
                  {
                    "name": "",
                    "node_port": 0,
                    "port": 80,
                    "protocol": "TCP",
                    "target_port": "80"
                  }
                ],
                "publish_not_ready_addresses": false,
                "selector": {
                  "app": "nginx1"
                },
                "session_affinity": "None",
                "type": "ClusterIP"
              }
            ],
            "status": [
              {
                "load_balancer": [
                  {
                    "ingress": []
                  }
                ]
              }
            ],
            "timeouts": null,
            "wait_for_load_balancer": true
          },
          "sensitive_attributes": [],
          "private": "eyJlMmJmYjczMC1lY2FhLTExZTYtOGY4OC0zNDM2M2JjN2M0YzAiOnsiY3JlYXRlIjo2MDAwMDAwMDAwMDB9LCJzY2hlbWFfdmVyc2lvbiI6IjEifQ==",
          "dependencies": [
            "civo_firewall.fw_demo_1",
            "civo_kubernetes_cluster.k8s_demo_1",
            "data.civo_size.xsmall",
            "kubernetes_namespace.nginx1",
            "time_sleep.wait_for_kubernetes"
          ]
        }
      ]
    },
    {
      "mode": "managed",
      "type": "time_sleep",
      "name": "wait_for_certmanager",
      "provider": "provider[\"registry.terraform.io/hashicorp/time\"]",
      "instances": [
        {
          "schema_version": 0,
          "attributes": {
            "create_duration": "10s",
            "destroy_duration": null,
            "id": "2022-04-15T21:21:54Z",
            "triggers": null
          },
          "sensitive_attributes": [],
          "private": "bnVsbA==",
          "dependencies": [
            "civo_firewall.fw_demo_1",
            "civo_kubernetes_cluster.k8s_demo_1",
            "data.civo_size.xsmall",
            "helm_release.certmanager",
            "kubernetes_namespace.certmanager",
            "time_sleep.wait_for_kubernetes"
          ]
        }
      ]
    },
    {
      "mode": "managed",
      "type": "time_sleep",
      "name": "wait_for_clusterissuer",
      "provider": "provider[\"registry.terraform.io/hashicorp/time\"]",
      "instances": [
        {
          "schema_version": 0,
          "attributes": {
            "create_duration": "30s",
            "destroy_duration": null,
            "id": "2022-04-15T21:22:26Z",
            "triggers": null
          },
          "sensitive_attributes": [],
          "private": "bnVsbA==",
          "dependencies": [
            "civo_firewall.fw_demo_1",
            "civo_kubernetes_cluster.k8s_demo_1",
            "data.civo_size.xsmall",
            "helm_release.certmanager",
            "kubectl_manifest.cloudflare_prod",
            "kubernetes_namespace.certmanager",
            "time_sleep.wait_for_certmanager",
            "time_sleep.wait_for_kubernetes"
          ]
        }
      ]
    },
    {
      "mode": "managed",
      "type": "time_sleep",
      "name": "wait_for_kubernetes",
      "provider": "provider[\"registry.terraform.io/hashicorp/time\"]",
      "instances": [
        {
          "schema_version": 0,
          "attributes": {
            "create_duration": "20s",
            "destroy_duration": null,
            "id": "2022-04-15T21:20:58Z",
            "triggers": null
          },
          "sensitive_attributes": [],
          "private": "bnVsbA==",
          "dependencies": [
            "civo_firewall.fw_demo_1",
            "civo_kubernetes_cluster.k8s_demo_1",
            "data.civo_size.xsmall"
          ]
        }
      ]
    }
  ]
}
